
Microsoft Visual Studio Solution File, Format Version 12.00
# Visual Studio Version 16
VisualStudioVersion = 16.0.30002.166
MinimumVisualStudioVersion = 10.0.40219.1
Project("{FAE04EC0-301F-11D3-BF4B-00C04F79EFBC}") = "Finanzas", "Finanzas\Finanzas.csproj", "{93F24E7A-4719-4A80-9E9F-6104C83264B6}"
EndProject
Global
	GlobalSection(SolutionConfigurationPlatforms) = preSolution
		Debug|Any CPU = Debug|Any CPU
		Release|Any CPU = Release|Any CPU
	EndGlobalSection
	GlobalSection(ProjectConfigurationPlatforms) = postSolution
		{93F24E7A-4719-4A80-9E9F-6104C83264B6}.Debug|Any CPU.ActiveCfg = Debug|Any CPU
		{93F24E7A-4719-4A80-9E9F-6104C83264B6}.Debug|Any CPU.Build.0 = Debug|Any CPU
		{93F24E7A-4719-4A80-9E9F-6104C83264B6}.Release|Any CPU.ActiveCfg = Release|Any CPU
		{93F24E7A-4719-4A80-9E9F-6104C83264B6}.Release|Any CPU.Build.0 = Release|Any CPU
	EndGlobalSection
	GlobalSection(SolutionProperties) = preSolution
		HideSolutionNode = FALSE
	EndGlobalSection
	GlobalSection(ExtensibilityGlobals) = postSolution
		SolutionGuid = {C7E6B55C-E163-4B1C-B5CE-D00A9AD18CAA}
	EndGlobalSection
EndGlobal
